// !$*UTF8*$!
{
	archiveVersion = 1;
	classes = {
	};
	objectVersion = 46;
	objects = {

/* Begin PBXBuildFile section */
		0831E820AAC7A8912B08A592 /* libPods-BRDUITests.a in Frameworks */ = {isa = PBXBuildFile; fileRef = E0DD348BBF1C7EE0C1F52F72 /* libPods-BRDUITests.a */; };
		283B4C161D22E9FF001D60FF /* BCITextField.swift in Sources */ = {isa = PBXBuildFile; fileRef = 283B4C151D22E9FF001D60FF /* BCITextField.swift */; };
		283B4C1A1D242B22001D60FF /* BCIDrugsDataSource.m in Sources */ = {isa = PBXBuildFile; fileRef = 283B4C191D242B22001D60FF /* BCIDrugsDataSource.m */; };
		283B4C1D1D242CC9001D60FF /* BCIAutoCompleteObject.m in Sources */ = {isa = PBXBuildFile; fileRef = 283B4C1C1D242CC9001D60FF /* BCIAutoCompleteObject.m */; };
		283B4C251D243565001D60FF /* MLPAutoCompleteTextField.m in Sources */ = {isa = PBXBuildFile; fileRef = 283B4C1F1D243565001D60FF /* MLPAutoCompleteTextField.m */; };
		283B4C261D243565001D60FF /* NSString+Levenshtein.m in Sources */ = {isa = PBXBuildFile; fileRef = 283B4C241D243565001D60FF /* NSString+Levenshtein.m */; };
		2865C6641D199EE400FCC4E4 /* BCIDataSource.swift in Sources */ = {isa = PBXBuildFile; fileRef = 2865C6631D199EE400FCC4E4 /* BCIDataSource.swift */; };
		287422AF1D0F988300927E06 /* BCIAppDelegate.swift in Sources */ = {isa = PBXBuildFile; fileRef = 287422AE1D0F988300927E06 /* BCIAppDelegate.swift */; };
		287422B11D0F988300927E06 /* BCIViewController.swift in Sources */ = {isa = PBXBuildFile; fileRef = 287422B01D0F988300927E06 /* BCIViewController.swift */; };
		287422B41D0F988300927E06 /* Main.storyboard in Resources */ = {isa = PBXBuildFile; fileRef = 287422B21D0F988300927E06 /* Main.storyboard */; };
		287422B71D0F988300927E06 /* BRD.xcdatamodeld in Sources */ = {isa = PBXBuildFile; fileRef = 287422B51D0F988300927E06 /* BRD.xcdatamodeld */; };
		287422B91D0F988300927E06 /* Assets.xcassets in Resources */ = {isa = PBXBuildFile; fileRef = 287422B81D0F988300927E06 /* Assets.xcassets */; };
		287422BC1D0F988300927E06 /* LaunchScreen.storyboard in Resources */ = {isa = PBXBuildFile; fileRef = 287422BA1D0F988300927E06 /* LaunchScreen.storyboard */; };
		287422C71D0F988300927E06 /* BRDTests.swift in Sources */ = {isa = PBXBuildFile; fileRef = 287422C61D0F988300927E06 /* BRDTests.swift */; };
		287422D21D0F988300927E06 /* BRDUITests.swift in Sources */ = {isa = PBXBuildFile; fileRef = 287422D11D0F988300927E06 /* BRDUITests.swift */; };
		287422E01D10DD8500927E06 /* BCIResultsViewController.swift in Sources */ = {isa = PBXBuildFile; fileRef = 287422DF1D10DD8500927E06 /* BCIResultsViewController.swift */; };
		287422E21D11BA8F00927E06 /* BCIDrug1ViewController.swift in Sources */ = {isa = PBXBuildFile; fileRef = 287422E11D11BA8F00927E06 /* BCIDrug1ViewController.swift */; };
		287422E41D11BA9700927E06 /* BCIDrug2ViewController.swift in Sources */ = {isa = PBXBuildFile; fileRef = 287422E31D11BA9700927E06 /* BCIDrug2ViewController.swift */; };
		287422E61D11BAA200927E06 /* BCIPopulationViewController.swift in Sources */ = {isa = PBXBuildFile; fileRef = 287422E51D11BAA200927E06 /* BCIPopulationViewController.swift */; };
		289994501D19974B0083359E /* Localizable.strings in Resources */ = {isa = PBXBuildFile; fileRef = 2899944F1D19974B0083359E /* Localizable.strings */; };
		289994521D19983F0083359E /* BCIExtensions.swift in Sources */ = {isa = PBXBuildFile; fileRef = 289994511D19983F0083359E /* BCIExtensions.swift */; };
		459A111D48231A73E9BB4DAF /* libPods-BRDTests.a in Frameworks */ = {isa = PBXBuildFile; fileRef = D9E1B58E12A94F2AA7273D83 /* libPods-BRDTests.a */; };
		5AC4D7B9AE718184212FB67D /* libPods-BRD.a in Frameworks */ = {isa = PBXBuildFile; fileRef = 052BF958824E7DC5F076998B /* libPods-BRD.a */; };
/* End PBXBuildFile section */

/* Begin PBXContainerItemProxy section */
		287422C31D0F988300927E06 /* PBXContainerItemProxy */ = {
			isa = PBXContainerItemProxy;
			containerPortal = 287422A31D0F988300927E06 /* Project object */;
			proxyType = 1;
			remoteGlobalIDString = 287422AA1D0F988300927E06;
			remoteInfo = BRD;
		};
		287422CE1D0F988300927E06 /* PBXContainerItemProxy */ = {
			isa = PBXContainerItemProxy;
			containerPortal = 287422A31D0F988300927E06 /* Project object */;
			proxyType = 1;
			remoteGlobalIDString = 287422AA1D0F988300927E06;
			remoteInfo = BRD;
		};
/* End PBXContainerItemProxy section */

/* Begin PBXFileReference section */
		052BF958824E7DC5F076998B /* libPods-BRD.a */ = {isa = PBXFileReference; explicitFileType = archive.ar; includeInIndex = 0; path = "libPods-BRD.a"; sourceTree = BUILT_PRODUCTS_DIR; };
		0B69B1192C13709248F96F31 /* Pods-BRDUITests.debug.xcconfig */ = {isa = PBXFileReference; includeInIndex = 1; lastKnownFileType = text.xcconfig; name = "Pods-BRDUITests.debug.xcconfig"; path = "Pods/Target Support Files/Pods-BRDUITests/Pods-BRDUITests.debug.xcconfig"; sourceTree = "<group>"; };
		283B4C151D22E9FF001D60FF /* BCITextField.swift */ = {isa = PBXFileReference; fileEncoding = 4; lastKnownFileType = sourcecode.swift; path = BCITextField.swift; sourceTree = "<group>"; };
		283B4C171D242B22001D60FF /* BRD-Bridging-Header.h */ = {isa = PBXFileReference; lastKnownFileType = sourcecode.c.h; path = "BRD-Bridging-Header.h"; sourceTree = "<group>"; };
		283B4C181D242B22001D60FF /* BCIDrugsDataSource.h */ = {isa = PBXFileReference; fileEncoding = 4; lastKnownFileType = sourcecode.c.h; path = BCIDrugsDataSource.h; sourceTree = "<group>"; };
		283B4C191D242B22001D60FF /* BCIDrugsDataSource.m */ = {isa = PBXFileReference; fileEncoding = 4; lastKnownFileType = sourcecode.c.objc; path = BCIDrugsDataSource.m; sourceTree = "<group>"; };
		283B4C1B1D242CC9001D60FF /* BCIAutoCompleteObject.h */ = {isa = PBXFileReference; fileEncoding = 4; lastKnownFileType = sourcecode.c.h; path = BCIAutoCompleteObject.h; sourceTree = "<group>"; };
		283B4C1C1D242CC9001D60FF /* BCIAutoCompleteObject.m */ = {isa = PBXFileReference; fileEncoding = 4; lastKnownFileType = sourcecode.c.objc; path = BCIAutoCompleteObject.m; sourceTree = "<group>"; };
		283B4C1E1D243565001D60FF /* MLPAutoCompleteTextField.h */ = {isa = PBXFileReference; fileEncoding = 4; lastKnownFileType = sourcecode.c.h; path = MLPAutoCompleteTextField.h; sourceTree = "<group>"; };
		283B4C1F1D243565001D60FF /* MLPAutoCompleteTextField.m */ = {isa = PBXFileReference; fileEncoding = 4; lastKnownFileType = sourcecode.c.objc; path = MLPAutoCompleteTextField.m; sourceTree = "<group>"; };
		283B4C201D243565001D60FF /* MLPAutoCompleteTextFieldDataSource.h */ = {isa = PBXFileReference; fileEncoding = 4; lastKnownFileType = sourcecode.c.h; path = MLPAutoCompleteTextFieldDataSource.h; sourceTree = "<group>"; };
		283B4C211D243565001D60FF /* MLPAutoCompleteTextFieldDelegate.h */ = {isa = PBXFileReference; fileEncoding = 4; lastKnownFileType = sourcecode.c.h; path = MLPAutoCompleteTextFieldDelegate.h; sourceTree = "<group>"; };
		283B4C221D243565001D60FF /* MLPAutoCompletionObject.h */ = {isa = PBXFileReference; fileEncoding = 4; lastKnownFileType = sourcecode.c.h; path = MLPAutoCompletionObject.h; sourceTree = "<group>"; };
		283B4C231D243565001D60FF /* NSString+Levenshtein.h */ = {isa = PBXFileReference; fileEncoding = 4; lastKnownFileType = sourcecode.c.h; path = "NSString+Levenshtein.h"; sourceTree = "<group>"; };
		283B4C241D243565001D60FF /* NSString+Levenshtein.m */ = {isa = PBXFileReference; fileEncoding = 4; lastKnownFileType = sourcecode.c.objc; path = "NSString+Levenshtein.m"; sourceTree = "<group>"; };
		2865C6631D199EE400FCC4E4 /* BCIDataSource.swift */ = {isa = PBXFileReference; fileEncoding = 4; lastKnownFileType = sourcecode.swift; path = BCIDataSource.swift; sourceTree = "<group>"; };
		287422AB1D0F988300927E06 /* BRD Tx Evaluation.app */ = {isa = PBXFileReference; explicitFileType = wrapper.application; includeInIndex = 0; path = "BRD Tx Evaluation.app"; sourceTree = BUILT_PRODUCTS_DIR; };
		287422AE1D0F988300927E06 /* BCIAppDelegate.swift */ = {isa = PBXFileReference; lastKnownFileType = sourcecode.swift; path = BCIAppDelegate.swift; sourceTree = "<group>"; };
		287422B01D0F988300927E06 /* BCIViewController.swift */ = {isa = PBXFileReference; lastKnownFileType = sourcecode.swift; path = BCIViewController.swift; sourceTree = "<group>"; };
		287422B31D0F988300927E06 /* Base */ = {isa = PBXFileReference; lastKnownFileType = file.storyboard; name = Base; path = Base.lproj/Main.storyboard; sourceTree = "<group>"; };
		287422B61D0F988300927E06 /* BRD.xcdatamodel */ = {isa = PBXFileReference; lastKnownFileType = wrapper.xcdatamodel; path = BRD.xcdatamodel; sourceTree = "<group>"; };
		287422B81D0F988300927E06 /* Assets.xcassets */ = {isa = PBXFileReference; lastKnownFileType = folder.assetcatalog; path = Assets.xcassets; sourceTree = "<group>"; };
		287422BB1D0F988300927E06 /* Base */ = {isa = PBXFileReference; lastKnownFileType = file.storyboard; name = Base; path = Base.lproj/LaunchScreen.storyboard; sourceTree = "<group>"; };
		287422BD1D0F988300927E06 /* Info.plist */ = {isa = PBXFileReference; lastKnownFileType = text.plist.xml; path = Info.plist; sourceTree = "<group>"; };
		287422C21D0F988300927E06 /* BRDTests.xctest */ = {isa = PBXFileReference; explicitFileType = wrapper.cfbundle; includeInIndex = 0; path = BRDTests.xctest; sourceTree = BUILT_PRODUCTS_DIR; };
		287422C61D0F988300927E06 /* BRDTests.swift */ = {isa = PBXFileReference; lastKnownFileType = sourcecode.swift; path = BRDTests.swift; sourceTree = "<group>"; };
		287422C81D0F988300927E06 /* Info.plist */ = {isa = PBXFileReference; lastKnownFileType = text.plist.xml; path = Info.plist; sourceTree = "<group>"; };
		287422CD1D0F988300927E06 /* BRDUITests.xctest */ = {isa = PBXFileReference; explicitFileType = wrapper.cfbundle; includeInIndex = 0; path = BRDUITests.xctest; sourceTree = BUILT_PRODUCTS_DIR; };
		287422D11D0F988300927E06 /* BRDUITests.swift */ = {isa = PBXFileReference; lastKnownFileType = sourcecode.swift; path = BRDUITests.swift; sourceTree = "<group>"; };
		287422D31D0F988300927E06 /* Info.plist */ = {isa = PBXFileReference; lastKnownFileType = text.plist.xml; path = Info.plist; sourceTree = "<group>"; };
		287422DF1D10DD8500927E06 /* BCIResultsViewController.swift */ = {isa = PBXFileReference; fileEncoding = 4; lastKnownFileType = sourcecode.swift; path = BCIResultsViewController.swift; sourceTree = "<group>"; };
		287422E11D11BA8F00927E06 /* BCIDrug1ViewController.swift */ = {isa = PBXFileReference; fileEncoding = 4; lastKnownFileType = sourcecode.swift; path = BCIDrug1ViewController.swift; sourceTree = "<group>"; };
		287422E31D11BA9700927E06 /* BCIDrug2ViewController.swift */ = {isa = PBXFileReference; fileEncoding = 4; lastKnownFileType = sourcecode.swift; path = BCIDrug2ViewController.swift; sourceTree = "<group>"; };
		287422E51D11BAA200927E06 /* BCIPopulationViewController.swift */ = {isa = PBXFileReference; fileEncoding = 4; lastKnownFileType = sourcecode.swift; path = BCIPopulationViewController.swift; sourceTree = "<group>"; };
		2899944F1D19974B0083359E /* Localizable.strings */ = {isa = PBXFileReference; fileEncoding = 4; lastKnownFileType = text.plist.strings; path = Localizable.strings; sourceTree = "<group>"; };
		289994511D19983F0083359E /* BCIExtensions.swift */ = {isa = PBXFileReference; fileEncoding = 4; lastKnownFileType = sourcecode.swift; path = BCIExtensions.swift; sourceTree = "<group>"; };
		381874B49DA7A661575370C2 /* Pods-BRDTests.debug.xcconfig */ = {isa = PBXFileReference; includeInIndex = 1; lastKnownFileType = text.xcconfig; name = "Pods-BRDTests.debug.xcconfig"; path = "Pods/Target Support Files/Pods-BRDTests/Pods-BRDTests.debug.xcconfig"; sourceTree = "<group>"; };
		3DCF0A2241965B3B8CD01EAA /* Pods-BRD.debug.xcconfig */ = {isa = PBXFileReference; includeInIndex = 1; lastKnownFileType = text.xcconfig; name = "Pods-BRD.debug.xcconfig"; path = "Pods/Target Support Files/Pods-BRD/Pods-BRD.debug.xcconfig"; sourceTree = "<group>"; };
		3F57A93EE9C611BA5A5BFA66 /* Pods-BRDUITests.release.xcconfig */ = {isa = PBXFileReference; includeInIndex = 1; lastKnownFileType = text.xcconfig; name = "Pods-BRDUITests.release.xcconfig"; path = "Pods/Target Support Files/Pods-BRDUITests/Pods-BRDUITests.release.xcconfig"; sourceTree = "<group>"; };
		93509D5CB47EE8F4AA50CCB9 /* Pods-BRD.release.xcconfig */ = {isa = PBXFileReference; includeInIndex = 1; lastKnownFileType = text.xcconfig; name = "Pods-BRD.release.xcconfig"; path = "Pods/Target Support Files/Pods-BRD/Pods-BRD.release.xcconfig"; sourceTree = "<group>"; };
		C4FB4BC62D1F45A2B3A56803 /* Pods-BRDTests.release.xcconfig */ = {isa = PBXFileReference; includeInIndex = 1; lastKnownFileType = text.xcconfig; name = "Pods-BRDTests.release.xcconfig"; path = "Pods/Target Support Files/Pods-BRDTests/Pods-BRDTests.release.xcconfig"; sourceTree = "<group>"; };
		D9E1B58E12A94F2AA7273D83 /* libPods-BRDTests.a */ = {isa = PBXFileReference; explicitFileType = archive.ar; includeInIndex = 0; path = "libPods-BRDTests.a"; sourceTree = BUILT_PRODUCTS_DIR; };
		E0DD348BBF1C7EE0C1F52F72 /* libPods-BRDUITests.a */ = {isa = PBXFileReference; explicitFileType = archive.ar; includeInIndex = 0; path = "libPods-BRDUITests.a"; sourceTree = BUILT_PRODUCTS_DIR; };
/* End PBXFileReference section */

/* Begin PBXFrameworksBuildPhase section */
		287422A81D0F988300927E06 /* Frameworks */ = {
			isa = PBXFrameworksBuildPhase;
			buildActionMask = 2147483647;
			files = (
				5AC4D7B9AE718184212FB67D /* libPods-BRD.a in Frameworks */,
			);
			runOnlyForDeploymentPostprocessing = 0;
		};
		287422BF1D0F988300927E06 /* Frameworks */ = {
			isa = PBXFrameworksBuildPhase;
			buildActionMask = 2147483647;
			files = (
				459A111D48231A73E9BB4DAF /* libPods-BRDTests.a in Frameworks */,
			);
			runOnlyForDeploymentPostprocessing = 0;
		};
		287422CA1D0F988300927E06 /* Frameworks */ = {
			isa = PBXFrameworksBuildPhase;
			buildActionMask = 2147483647;
			files = (
				0831E820AAC7A8912B08A592 /* libPods-BRDUITests.a in Frameworks */,
			);
			runOnlyForDeploymentPostprocessing = 0;
		};
/* End PBXFrameworksBuildPhase section */

/* Begin PBXGroup section */
		0C3734C1D32E91FF357ED3AE /* Frameworks */ = {
			isa = PBXGroup;
			children = (
				052BF958824E7DC5F076998B /* libPods-BRD.a */,
				D9E1B58E12A94F2AA7273D83 /* libPods-BRDTests.a */,
				E0DD348BBF1C7EE0C1F52F72 /* libPods-BRDUITests.a */,
			);
			name = Frameworks;
			sourceTree = "<group>";
		};
		283B4C271D24356D001D60FF /* MLPAutoCompleteTextField */ = {
			isa = PBXGroup;
			children = (
				283B4C1E1D243565001D60FF /* MLPAutoCompleteTextField.h */,
				283B4C1F1D243565001D60FF /* MLPAutoCompleteTextField.m */,
				283B4C201D243565001D60FF /* MLPAutoCompleteTextFieldDataSource.h */,
				283B4C211D243565001D60FF /* MLPAutoCompleteTextFieldDelegate.h */,
				283B4C221D243565001D60FF /* MLPAutoCompletionObject.h */,
				283B4C231D243565001D60FF /* NSString+Levenshtein.h */,
				283B4C241D243565001D60FF /* NSString+Levenshtein.m */,
			);
			name = MLPAutoCompleteTextField;
			sourceTree = "<group>";
		};
		287422A21D0F988300927E06 = {
			isa = PBXGroup;
			children = (
				287422AD1D0F988300927E06 /* BRD */,
				287422C51D0F988300927E06 /* BRDTests */,
				287422D01D0F988300927E06 /* BRDUITests */,
				287422AC1D0F988300927E06 /* Products */,
				2B67EA91590D7861A3880572 /* Pods */,
				0C3734C1D32E91FF357ED3AE /* Frameworks */,
			);
			sourceTree = "<group>";
		};
		287422AC1D0F988300927E06 /* Products */ = {
			isa = PBXGroup;
			children = (
				287422AB1D0F988300927E06 /* BRD Tx Evaluation.app */,
				287422C21D0F988300927E06 /* BRDTests.xctest */,
				287422CD1D0F988300927E06 /* BRDUITests.xctest */,
			);
			name = Products;
			sourceTree = "<group>";
		};
		287422AD1D0F988300927E06 /* BRD */ = {
			isa = PBXGroup;
			children = (
				283B4C271D24356D001D60FF /* MLPAutoCompleteTextField */,
				287422AE1D0F988300927E06 /* BCIAppDelegate.swift */,
				287422B01D0F988300927E06 /* BCIViewController.swift */,
				287422DF1D10DD8500927E06 /* BCIResultsViewController.swift */,
				287422E31D11BA9700927E06 /* BCIDrug2ViewController.swift */,
				287422E11D11BA8F00927E06 /* BCIDrug1ViewController.swift */,
				287422E51D11BAA200927E06 /* BCIPopulationViewController.swift */,
				2865C6631D199EE400FCC4E4 /* BCIDataSource.swift */,
				289994511D19983F0083359E /* BCIExtensions.swift */,
				283B4C181D242B22001D60FF /* BCIDrugsDataSource.h */,
				283B4C191D242B22001D60FF /* BCIDrugsDataSource.m */,
				283B4C1B1D242CC9001D60FF /* BCIAutoCompleteObject.h */,
				283B4C1C1D242CC9001D60FF /* BCIAutoCompleteObject.m */,
				283B4C151D22E9FF001D60FF /* BCITextField.swift */,
				2899944F1D19974B0083359E /* Localizable.strings */,
				287422B21D0F988300927E06 /* Main.storyboard */,
				287422B81D0F988300927E06 /* Assets.xcassets */,
				287422BA1D0F988300927E06 /* LaunchScreen.storyboard */,
				287422BD1D0F988300927E06 /* Info.plist */,
				287422B51D0F988300927E06 /* BRD.xcdatamodeld */,
				283B4C171D242B22001D60FF /* BRD-Bridging-Header.h */,
			);
			path = BRD;
			sourceTree = "<group>";
		};
		287422C51D0F988300927E06 /* BRDTests */ = {
			isa = PBXGroup;
			children = (
				287422C61D0F988300927E06 /* BRDTests.swift */,
				287422C81D0F988300927E06 /* Info.plist */,
			);
			path = BRDTests;
			sourceTree = "<group>";
		};
		287422D01D0F988300927E06 /* BRDUITests */ = {
			isa = PBXGroup;
			children = (
				287422D11D0F988300927E06 /* BRDUITests.swift */,
				287422D31D0F988300927E06 /* Info.plist */,
			);
			path = BRDUITests;
			sourceTree = "<group>";
		};
		2B67EA91590D7861A3880572 /* Pods */ = {
			isa = PBXGroup;
			children = (
				3DCF0A2241965B3B8CD01EAA /* Pods-BRD.debug.xcconfig */,
				93509D5CB47EE8F4AA50CCB9 /* Pods-BRD.release.xcconfig */,
				381874B49DA7A661575370C2 /* Pods-BRDTests.debug.xcconfig */,
				C4FB4BC62D1F45A2B3A56803 /* Pods-BRDTests.release.xcconfig */,
				0B69B1192C13709248F96F31 /* Pods-BRDUITests.debug.xcconfig */,
				3F57A93EE9C611BA5A5BFA66 /* Pods-BRDUITests.release.xcconfig */,
			);
			name = Pods;
			sourceTree = "<group>";
		};
/* End PBXGroup section */

/* Begin PBXNativeTarget section */
		287422AA1D0F988300927E06 /* BRD */ = {
			isa = PBXNativeTarget;
			buildConfigurationList = 287422D61D0F988300927E06 /* Build configuration list for PBXNativeTarget "BRD" */;
			buildPhases = (
				8AFE6A9199F597A92027CC3D /* 📦 Check Pods Manifest.lock */,
				287422A71D0F988300927E06 /* Sources */,
				287422A81D0F988300927E06 /* Frameworks */,
				287422A91D0F988300927E06 /* Resources */,
				F238410BABE93DB6B91DB91D /* 📦 Embed Pods Frameworks */,
				9E2EC985D48136521399AFFB /* 📦 Copy Pods Resources */,
			);
			buildRules = (
			);
			dependencies = (
			);
			name = BRD;
			productName = BRD;
			productReference = 287422AB1D0F988300927E06 /* BRD Tx Evaluation.app */;
			productType = "com.apple.product-type.application";
		};
		287422C11D0F988300927E06 /* BRDTests */ = {
			isa = PBXNativeTarget;
			buildConfigurationList = 287422D91D0F988300927E06 /* Build configuration list for PBXNativeTarget "BRDTests" */;
			buildPhases = (
				710B0AE28AD577428CE70D1F /* 📦 Check Pods Manifest.lock */,
				287422BE1D0F988300927E06 /* Sources */,
				287422BF1D0F988300927E06 /* Frameworks */,
				287422C01D0F988300927E06 /* Resources */,
				2804FCDFFFC2D4D4F15D0D69 /* 📦 Embed Pods Frameworks */,
				294E524317EB29D1FB61E1E8 /* 📦 Copy Pods Resources */,
			);
			buildRules = (
			);
			dependencies = (
				287422C41D0F988300927E06 /* PBXTargetDependency */,
			);
			name = BRDTests;
			productName = BRDTests;
			productReference = 287422C21D0F988300927E06 /* BRDTests.xctest */;
			productType = "com.apple.product-type.bundle.unit-test";
		};
		287422CC1D0F988300927E06 /* BRDUITests */ = {
			isa = PBXNativeTarget;
			buildConfigurationList = 287422DC1D0F988300927E06 /* Build configuration list for PBXNativeTarget "BRDUITests" */;
			buildPhases = (
				FF903F2747E419F52A4DAF21 /* 📦 Check Pods Manifest.lock */,
				287422C91D0F988300927E06 /* Sources */,
				287422CA1D0F988300927E06 /* Frameworks */,
				287422CB1D0F988300927E06 /* Resources */,
				A4AC2FED5DE8AF9C4CF7453F /* 📦 Copy Pods Resources */,
			);
			buildRules = (
			);
			dependencies = (
				287422CF1D0F988300927E06 /* PBXTargetDependency */,
			);
			name = BRDUITests;
			productName = BRDUITests;
			productReference = 287422CD1D0F988300927E06 /* BRDUITests.xctest */;
			productType = "com.apple.product-type.bundle.ui-testing";
		};
/* End PBXNativeTarget section */

/* Begin PBXProject section */
		287422A31D0F988300927E06 /* Project object */ = {
			isa = PBXProject;
			attributes = {
				CLASSPREFIX = BCI;
				LastSwiftUpdateCheck = 0730;
				LastUpgradeCheck = 0730;
				ORGANIZATIONNAME = "Beef Cattle Institute";
				TargetAttributes = {
					287422AA1D0F988300927E06 = {
						CreatedOnToolsVersion = 7.3.1;
						DevelopmentTeam = 822W258456;
					};
					287422C11D0F988300927E06 = {
						CreatedOnToolsVersion = 7.3.1;
						TestTargetID = 287422AA1D0F988300927E06;
					};
					287422CC1D0F988300927E06 = {
						CreatedOnToolsVersion = 7.3.1;
						TestTargetID = 287422AA1D0F988300927E06;
					};
				};
			};
			buildConfigurationList = 287422A61D0F988300927E06 /* Build configuration list for PBXProject "BRD" */;
			compatibilityVersion = "Xcode 3.2";
			developmentRegion = English;
			hasScannedForEncodings = 0;
			knownRegions = (
				en,
				Base,
			);
			mainGroup = 287422A21D0F988300927E06;
			productRefGroup = 287422AC1D0F988300927E06 /* Products */;
			projectDirPath = "";
			projectRoot = "";
			targets = (
				287422AA1D0F988300927E06 /* BRD */,
				287422C11D0F988300927E06 /* BRDTests */,
				287422CC1D0F988300927E06 /* BRDUITests */,
			);
		};
/* End PBXProject section */

/* Begin PBXResourcesBuildPhase section */
		287422A91D0F988300927E06 /* Resources */ = {
			isa = PBXResourcesBuildPhase;
			buildActionMask = 2147483647;
			files = (
				287422BC1D0F988300927E06 /* LaunchScreen.storyboard in Resources */,
				289994501D19974B0083359E /* Localizable.strings in Resources */,
				287422B91D0F988300927E06 /* Assets.xcassets in Resources */,
				287422B41D0F988300927E06 /* Main.storyboard in Resources */,
			);
			runOnlyForDeploymentPostprocessing = 0;
		};
		287422C01D0F988300927E06 /* Resources */ = {
			isa = PBXResourcesBuildPhase;
			buildActionMask = 2147483647;
			files = (
			);
			runOnlyForDeploymentPostprocessing = 0;
		};
		287422CB1D0F988300927E06 /* Resources */ = {
			isa = PBXResourcesBuildPhase;
			buildActionMask = 2147483647;
			files = (
			);
			runOnlyForDeploymentPostprocessing = 0;
		};
/* End PBXResourcesBuildPhase section */

/* Begin PBXShellScriptBuildPhase section */
		2804FCDFFFC2D4D4F15D0D69 /* 📦 Embed Pods Frameworks */ = {
			isa = PBXShellScriptBuildPhase;
			buildActionMask = 2147483647;
			files = (
			);
			inputPaths = (
			);
			name = "📦 Embed Pods Frameworks";
			outputPaths = (
			);
			runOnlyForDeploymentPostprocessing = 0;
			shellPath = /bin/sh;
			shellScript = "\"${SRCROOT}/Pods/Target Support Files/Pods-BRDTests/Pods-BRDTests-frameworks.sh\"\n";
			showEnvVarsInLog = 0;
		};
		294E524317EB29D1FB61E1E8 /* 📦 Copy Pods Resources */ = {
			isa = PBXShellScriptBuildPhase;
			buildActionMask = 2147483647;
			files = (
			);
			inputPaths = (
			);
			name = "📦 Copy Pods Resources";
			outputPaths = (
			);
			runOnlyForDeploymentPostprocessing = 0;
			shellPath = /bin/sh;
			shellScript = "\"${SRCROOT}/Pods/Target Support Files/Pods-BRDTests/Pods-BRDTests-resources.sh\"\n";
			showEnvVarsInLog = 0;
		};
		710B0AE28AD577428CE70D1F /* 📦 Check Pods Manifest.lock */ = {
			isa = PBXShellScriptBuildPhase;
			buildActionMask = 2147483647;
			files = (
			);
			inputPaths = (
			);
			name = "📦 Check Pods Manifest.lock";
			outputPaths = (
			);
			runOnlyForDeploymentPostprocessing = 0;
			shellPath = /bin/sh;
			shellScript = "diff \"${PODS_ROOT}/../Podfile.lock\" \"${PODS_ROOT}/Manifest.lock\" > /dev/null\nif [[ $? != 0 ]] ; then\n    cat << EOM\nerror: The sandbox is not in sync with the Podfile.lock. Run 'pod install' or update your CocoaPods installation.\nEOM\n    exit 1\nfi\n";
			showEnvVarsInLog = 0;
		};
		8AFE6A9199F597A92027CC3D /* 📦 Check Pods Manifest.lock */ = {
			isa = PBXShellScriptBuildPhase;
			buildActionMask = 2147483647;
			files = (
			);
			inputPaths = (
			);
			name = "📦 Check Pods Manifest.lock";
			outputPaths = (
			);
			runOnlyForDeploymentPostprocessing = 0;
			shellPath = /bin/sh;
			shellScript = "diff \"${PODS_ROOT}/../Podfile.lock\" \"${PODS_ROOT}/Manifest.lock\" > /dev/null\nif [[ $? != 0 ]] ; then\n    cat << EOM\nerror: The sandbox is not in sync with the Podfile.lock. Run 'pod install' or update your CocoaPods installation.\nEOM\n    exit 1\nfi\n";
			showEnvVarsInLog = 0;
		};
		9E2EC985D48136521399AFFB /* 📦 Copy Pods Resources */ = {
			isa = PBXShellScriptBuildPhase;
			buildActionMask = 2147483647;
			files = (
			);
			inputPaths = (
			);
			name = "📦 Copy Pods Resources";
			outputPaths = (
			);
			runOnlyForDeploymentPostprocessing = 0;
			shellPath = /bin/sh;
			shellScript = "\"${SRCROOT}/Pods/Target Support Files/Pods-BRD/Pods-BRD-resources.sh\"\n";
			showEnvVarsInLog = 0;
		};
		A4AC2FED5DE8AF9C4CF7453F /* 📦 Copy Pods Resources */ = {
			isa = PBXShellScriptBuildPhase;
			buildActionMask = 2147483647;
			files = (
			);
			inputPaths = (
			);
			name = "📦 Copy Pods Resources";
			outputPaths = (
			);
			runOnlyForDeploymentPostprocessing = 0;
			shellPath = /bin/sh;
			shellScript = "\"${SRCROOT}/Pods/Target Support Files/Pods-BRDUITests/Pods-BRDUITests-resources.sh\"\n";
			showEnvVarsInLog = 0;
		};
		F238410BABE93DB6B91DB91D /* 📦 Embed Pods Frameworks */ = {
			isa = PBXShellScriptBuildPhase;
			buildActionMask = 2147483647;
			files = (
			);
			inputPaths = (
			);
			name = "📦 Embed Pods Frameworks";
			outputPaths = (
			);
			runOnlyForDeploymentPostprocessing = 0;
			shellPath = /bin/sh;
			shellScript = "\"${SRCROOT}/Pods/Target Support Files/Pods-BRD/Pods-BRD-frameworks.sh\"\n";
			showEnvVarsInLog = 0;
		};
		FF903F2747E419F52A4DAF21 /* 📦 Check Pods Manifest.lock */ = {
			isa = PBXShellScriptBuildPhase;
			buildActionMask = 2147483647;
			files = (
			);
			inputPaths = (
			);
			name = "📦 Check Pods Manifest.lock";
			outputPaths = (
			);
			runOnlyForDeploymentPostprocessing = 0;
			shellPath = /bin/sh;
			shellScript = "diff \"${PODS_ROOT}/../Podfile.lock\" \"${PODS_ROOT}/Manifest.lock\" > /dev/null\nif [[ $? != 0 ]] ; then\n    cat << EOM\nerror: The sandbox is not in sync with the Podfile.lock. Run 'pod install' or update your CocoaPods installation.\nEOM\n    exit 1\nfi\n";
			showEnvVarsInLog = 0;
		};
/* End PBXShellScriptBuildPhase section */

/* Begin PBXSourcesBuildPhase section */
		287422A71D0F988300927E06 /* Sources */ = {
			isa = PBXSourcesBuildPhase;
			buildActionMask = 2147483647;
			files = (
				2865C6641D199EE400FCC4E4 /* BCIDataSource.swift in Sources */,
				287422E61D11BAA200927E06 /* BCIPopulationViewController.swift in Sources */,
				287422E41D11BA9700927E06 /* BCIDrug2ViewController.swift in Sources */,
				283B4C261D243565001D60FF /* NSString+Levenshtein.m in Sources */,
				287422E01D10DD8500927E06 /* BCIResultsViewController.swift in Sources */,
				283B4C161D22E9FF001D60FF /* BCITextField.swift in Sources */,
				283B4C1D1D242CC9001D60FF /* BCIAutoCompleteObject.m in Sources */,
				287422B71D0F988300927E06 /* BRD.xcdatamodeld in Sources */,
				287422E21D11BA8F00927E06 /* BCIDrug1ViewController.swift in Sources */,
				289994521D19983F0083359E /* BCIExtensions.swift in Sources */,
				283B4C251D243565001D60FF /* MLPAutoCompleteTextField.m in Sources */,
				283B4C1A1D242B22001D60FF /* BCIDrugsDataSource.m in Sources */,
				287422B11D0F988300927E06 /* BCIViewController.swift in Sources */,
				287422AF1D0F988300927E06 /* BCIAppDelegate.swift in Sources */,
			);
			runOnlyForDeploymentPostprocessing = 0;
		};
		287422BE1D0F988300927E06 /* Sources */ = {
			isa = PBXSourcesBuildPhase;
			buildActionMask = 2147483647;
			files = (
				287422C71D0F988300927E06 /* BRDTests.swift in Sources */,
			);
			runOnlyForDeploymentPostprocessing = 0;
		};
		287422C91D0F988300927E06 /* Sources */ = {
			isa = PBXSourcesBuildPhase;
			buildActionMask = 2147483647;
			files = (
				287422D21D0F988300927E06 /* BRDUITests.swift in Sources */,
			);
			runOnlyForDeploymentPostprocessing = 0;
		};
/* End PBXSourcesBuildPhase section */

/* Begin PBXTargetDependency section */
		287422C41D0F988300927E06 /* PBXTargetDependency */ = {
			isa = PBXTargetDependency;
			target = 287422AA1D0F988300927E06 /* BRD */;
			targetProxy = 287422C31D0F988300927E06 /* PBXContainerItemProxy */;
		};
		287422CF1D0F988300927E06 /* PBXTargetDependency */ = {
			isa = PBXTargetDependency;
			target = 287422AA1D0F988300927E06 /* BRD */;
			targetProxy = 287422CE1D0F988300927E06 /* PBXContainerItemProxy */;
		};
/* End PBXTargetDependency section */

/* Begin PBXVariantGroup section */
		287422B21D0F988300927E06 /* Main.storyboard */ = {
			isa = PBXVariantGroup;
			children = (
				287422B31D0F988300927E06 /* Base */,
			);
			name = Main.storyboard;
			sourceTree = "<group>";
		};
		287422BA1D0F988300927E06 /* LaunchScreen.storyboard */ = {
			isa = PBXVariantGroup;
			children = (
				287422BB1D0F988300927E06 /* Base */,
			);
			name = LaunchScreen.storyboard;
			sourceTree = "<group>";
		};
/* End PBXVariantGroup section */

/* Begin XCBuildConfiguration section */
		287422D41D0F988300927E06 /* Debug */ = {
			isa = XCBuildConfiguration;
			buildSettings = {
				ALWAYS_SEARCH_USER_PATHS = NO;
				CLANG_ANALYZER_NONNULL = YES;
				CLANG_CXX_LANGUAGE_STANDARD = "gnu++0x";
				CLANG_CXX_LIBRARY = "libc++";
				CLANG_ENABLE_MODULES = YES;
				CLANG_ENABLE_OBJC_ARC = YES;
				CLANG_WARN_BOOL_CONVERSION = YES;
				CLANG_WARN_CONSTANT_CONVERSION = YES;
				CLANG_WARN_DIRECT_OBJC_ISA_USAGE = YES_ERROR;
				CLANG_WARN_EMPTY_BODY = YES;
				CLANG_WARN_ENUM_CONVERSION = YES;
				CLANG_WARN_INT_CONVERSION = YES;
				CLANG_WARN_OBJC_ROOT_CLASS = YES_ERROR;
				CLANG_WARN_UNREACHABLE_CODE = YES;
				CLANG_WARN__DUPLICATE_METHOD_MATCH = YES;
				"CODE_SIGN_IDENTITY[sdk=iphoneos*]" = "iPhone Developer";
				COPY_PHASE_STRIP = NO;
				DEBUG_INFORMATION_FORMAT = dwarf;
				ENABLE_STRICT_OBJC_MSGSEND = YES;
				ENABLE_TESTABILITY = YES;
				GCC_C_LANGUAGE_STANDARD = gnu99;
				GCC_DYNAMIC_NO_PIC = NO;
				GCC_NO_COMMON_BLOCKS = YES;
				GCC_OPTIMIZATION_LEVEL = 0;
				GCC_PREPROCESSOR_DEFINITIONS = (
					"DEBUG=1",
					"$(inherited)",
				);
				GCC_WARN_64_TO_32_BIT_CONVERSION = YES;
				GCC_WARN_ABOUT_RETURN_TYPE = YES_ERROR;
				GCC_WARN_UNDECLARED_SELECTOR = YES;
				GCC_WARN_UNINITIALIZED_AUTOS = YES_AGGRESSIVE;
				GCC_WARN_UNUSED_FUNCTION = YES;
				GCC_WARN_UNUSED_VARIABLE = YES;
				IPHONEOS_DEPLOYMENT_TARGET = 9.3;
				MTL_ENABLE_DEBUG_INFO = YES;
				ONLY_ACTIVE_ARCH = YES;
				SDKROOT = iphoneos;
				SWIFT_OPTIMIZATION_LEVEL = "-Onone";
				TARGETED_DEVICE_FAMILY = "1,2";
			};
			name = Debug;
		};
		287422D51D0F988300927E06 /* Release */ = {
			isa = XCBuildConfiguration;
			buildSettings = {
				ALWAYS_SEARCH_USER_PATHS = NO;
				CLANG_ANALYZER_NONNULL = YES;
				CLANG_CXX_LANGUAGE_STANDARD = "gnu++0x";
				CLANG_CXX_LIBRARY = "libc++";
				CLANG_ENABLE_MODULES = YES;
				CLANG_ENABLE_OBJC_ARC = YES;
				CLANG_WARN_BOOL_CONVERSION = YES;
				CLANG_WARN_CONSTANT_CONVERSION = YES;
				CLANG_WARN_DIRECT_OBJC_ISA_USAGE = YES_ERROR;
				CLANG_WARN_EMPTY_BODY = YES;
				CLANG_WARN_ENUM_CONVERSION = YES;
				CLANG_WARN_INT_CONVERSION = YES;
				CLANG_WARN_OBJC_ROOT_CLASS = YES_ERROR;
				CLANG_WARN_UNREACHABLE_CODE = YES;
				CLANG_WARN__DUPLICATE_METHOD_MATCH = YES;
				"CODE_SIGN_IDENTITY[sdk=iphoneos*]" = "iPhone Developer";
				COPY_PHASE_STRIP = NO;
				DEBUG_INFORMATION_FORMAT = "dwarf-with-dsym";
				ENABLE_NS_ASSERTIONS = NO;
				ENABLE_STRICT_OBJC_MSGSEND = YES;
				GCC_C_LANGUAGE_STANDARD = gnu99;
				GCC_NO_COMMON_BLOCKS = YES;
				GCC_WARN_64_TO_32_BIT_CONVERSION = YES;
				GCC_WARN_ABOUT_RETURN_TYPE = YES_ERROR;
				GCC_WARN_UNDECLARED_SELECTOR = YES;
				GCC_WARN_UNINITIALIZED_AUTOS = YES_AGGRESSIVE;
				GCC_WARN_UNUSED_FUNCTION = YES;
				GCC_WARN_UNUSED_VARIABLE = YES;
				IPHONEOS_DEPLOYMENT_TARGET = 9.3;
				MTL_ENABLE_DEBUG_INFO = NO;
				SDKROOT = iphoneos;
				TARGETED_DEVICE_FAMILY = "1,2";
				VALIDATE_PRODUCT = YES;
			};
			name = Release;
		};
		287422D71D0F988300927E06 /* Debug */ = {
			isa = XCBuildConfiguration;
			baseConfigurationReference = 3DCF0A2241965B3B8CD01EAA /* Pods-BRD.debug.xcconfig */;
			buildSettings = {
				ASSETCATALOG_COMPILER_APPICON_NAME = AppIcon;
				CLANG_ENABLE_MODULES = YES;
				CODE_SIGN_IDENTITY = "iPhone Developer";
				INFOPLIST_FILE = BRD/Info.plist;
				LD_RUNPATH_SEARCH_PATHS = "$(inherited) @executable_path/Frameworks";
				PRODUCT_BUNDLE_IDENTIFIER = BCI.BRD;
				PRODUCT_NAME = "BRD Tx Evaluation";
				SWIFT_OBJC_BRIDGING_HEADER = "BRD/BRD-Bridging-Header.h";
				SWIFT_OPTIMIZATION_LEVEL = "-Onone";
			};
			name = Debug;
		};
		287422D81D0F988300927E06 /* Release */ = {
			isa = XCBuildConfiguration;
			baseConfigurationReference = 93509D5CB47EE8F4AA50CCB9 /* Pods-BRD.release.xcconfig */;
			buildSettings = {
				ASSETCATALOG_COMPILER_APPICON_NAME = AppIcon;
				CLANG_ENABLE_MODULES = YES;
				CODE_SIGN_IDENTITY = "iPhone Developer";
				INFOPLIST_FILE = BRD/Info.plist;
				LD_RUNPATH_SEARCH_PATHS = "$(inherited) @executable_path/Frameworks";
				PRODUCT_BUNDLE_IDENTIFIER = BCI.BRD;
				PRODUCT_NAME = "BRD Tx Evaluation";
				SWIFT_OBJC_BRIDGING_HEADER = "BRD/BRD-Bridging-Header.h";
			};
			name = Release;
		};
		287422DA1D0F988300927E06 /* Debug */ = {
			isa = XCBuildConfiguration;
			baseConfigurationReference = 381874B49DA7A661575370C2 /* Pods-BRDTests.debug.xcconfig */;
			buildSettings = {
				BUNDLE_LOADER = "$(TEST_HOST)";
				INFOPLIST_FILE = BRDTests/Info.plist;
				LD_RUNPATH_SEARCH_PATHS = "$(inherited) @executable_path/Frameworks @loader_path/Frameworks";
				PRODUCT_BUNDLE_IDENTIFIER = BCI.BRDTests;
				PRODUCT_NAME = "$(TARGET_NAME)";
				TEST_HOST = "$(BUILT_PRODUCTS_DIR)/BRD.app/BRD";
			};
			name = Debug;
		};
		287422DB1D0F988300927E06 /* Release */ = {
			isa = XCBuildConfiguration;
			baseConfigurationReference = C4FB4BC62D1F45A2B3A56803 /* Pods-BRDTests.release.xcconfig */;
			buildSettings = {
				BUNDLE_LOADER = "$(TEST_HOST)";
				INFOPLIST_FILE = BRDTests/Info.plist;
				LD_RUNPATH_SEARCH_PATHS = "$(inherited) @executable_path/Frameworks @loader_path/Frameworks";
				PRODUCT_BUNDLE_IDENTIFIER = BCI.BRDTests;
				PRODUCT_NAME = "$(TARGET_NAME)";
				TEST_HOST = "$(BUILT_PRODUCTS_DIR)/BRD.app/BRD";
			};
			name = Release;
		};
		287422DD1D0F988300927E06 /* Debug */ = {
			isa = XCBuildConfiguration;
			baseConfigurationReference = 0B69B1192C13709248F96F31 /* Pods-BRDUITests.debug.xcconfig */;
			buildSettings = {
				INFOPLIST_FILE = BRDUITests/Info.plist;
				LD_RUNPATH_SEARCH_PATHS = "$(inherited) @executable_path/Frameworks @loader_path/Frameworks";
				PRODUCT_BUNDLE_IDENTIFIER = BCI.BRDUITests;
				PRODUCT_NAME = "$(TARGET_NAME)";
				TEST_TARGET_NAME = BRD;
			};
			name = Debug;
		};
		287422DE1D0F988300927E06 /* Release */ = {
			isa = XCBuildConfiguration;
			baseConfigurationReference = 3F57A93EE9C611BA5A5BFA66 /* Pods-BRDUITests.release.xcconfig */;
			buildSettings = {
				INFOPLIST_FILE = BRDUITests/Info.plist;
				LD_RUNPATH_SEARCH_PATHS = "$(inherited) @executable_path/Frameworks @loader_path/Frameworks";
				PRODUCT_BUNDLE_IDENTIFIER = BCI.BRDUITests;
				PRODUCT_NAME = "$(TARGET_NAME)";
				TEST_TARGET_NAME = BRD;
			};
			name = Release;
		};
/* End XCBuildConfiguration section */

/* Begin XCConfigurationList section */
		287422A61D0F988300927E06 /* Build configuration list for PBXProject "BRD" */ = {
			isa = XCConfigurationList;
			buildConfigurations = (
				287422D41D0F988300927E06 /* Debug */,
				287422D51D0F988300927E06 /* Release */,
			);
			defaultConfigurationIsVisible = 0;
			defaultConfigurationName = Release;
		};
		287422D61D0F988300927E06 /* Build configuration list for PBXNativeTarget "BRD" */ = {
			isa = XCConfigurationList;
			buildConfigurations = (
				287422D71D0F988300927E06 /* Debug */,
				287422D81D0F988300927E06 /* Release */,
			);
			defaultConfigurationIsVisible = 0;
			defaultConfigurationName = Release;
		};
		287422D91D0F988300927E06 /* Build configuration list for PBXNativeTarget "BRDTests" */ = {
			isa = XCConfigurationList;
			buildConfigurations = (
				287422DA1D0F988300927E06 /* Debug */,
				287422DB1D0F988300927E06 /* Release */,
			);
			defaultConfigurationIsVisible = 0;
			defaultConfigurationName = Release;
		};
		287422DC1D0F988300927E06 /* Build configuration list for PBXNativeTarget "BRDUITests" */ = {
			isa = XCConfigurationList;
			buildConfigurations = (
				287422DD1D0F988300927E06 /* Debug */,
				287422DE1D0F988300927E06 /* Release */,
			);
			defaultConfigurationIsVisible = 0;
			defaultConfigurationName = Release;
		};
/* End XCConfigurationList section */

/* Begin XCVersionGroup section */
		287422B51D0F988300927E06 /* BRD.xcdatamodeld */ = {
			isa = XCVersionGroup;
			children = (
				287422B61D0F988300927E06 /* BRD.xcdatamodel */,
			);
			currentVersion = 287422B61D0F988300927E06 /* BRD.xcdatamodel */;
			path = BRD.xcdatamodeld;
			sourceTree = "<group>";
			versionGroupType = wrapper.xcdatamodel;
		};
/* End XCVersionGroup section */
	};
	rootObject = 287422A31D0F988300927E06 /* Project object */;
}
